{
  "name": "WebII-SI2022",
  "lockfileVersion": 3,
  "requires": true,
  "packages": {
    "": {
      "dependencies": {
        "react-hook-form": "^7.53.2"
      }
    },
    "node_modules/react": {
      "version": "19.2.0",
      "resolved": "https://registry.npmjs.org/react/-/react-19.2.0.tgz",
      "integrity": "sha512-tmbWg6W31tQLeB5cdIBOicJDJRR2KzXsV7uSK9iNfLWQ5bIZfxuPEHp7M8wiHyHnn0DD1i7w3Zmin0FtkrwoCQ==",
      "license": "MIT",
      "peer": true,
      "engines": {
        "node": ">=0.10.0"
      }
    },
    "node_modules/react-hook-form": {
      "version": "7.53.2",
      "resolved": "https://registry.npmjs.org/react-hook-form/-/react-hook-form-7.53.2.tgz",
      "integrity": "sha512-YVel6fW5sOeedd1524pltpHX+jgU2u3DSDtXEaBORNdqiNrsX/nUI/iGXONegttg0mJVnfrIkiV0cmTU6Oo2xw==",
      "license": "MIT",
      "engines": {
        "node": ">=18.0.0"
      },
      "funding": {
        "type": "opencollective",
        "url": "https://opencollective.com/react-hook-form"
      },
      "peerDependencies": {
        "react": "^16.8.0 || ^17 || ^18 || ^19"
      }
    }
  }
}
